{
  "name": "lang",
  "lockfileVersion": 3,
  "requires": true,
  "packages": {
    "": {
      "dependencies": {
        "synoema-mcp": "^0.1.0-alpha.1"
      }
    },
    "node_modules/synoema-mcp": {
      "version": "0.1.0-alpha.1",
      "resolved": "https://registry.npmjs.org/synoema-mcp/-/synoema-mcp-0.1.0-alpha.1.tgz",
      "integrity": "sha512-jiP4JLMss4wrr5/8umuv0RVDK2otee18CY6HiPh//SZjm9Tv9HUJCMpJfiso7XaTrWqQAHt/UkbCpey8yT0cgQ==",
      "license": "MIT",
      "bin": {
        "synoema-mcp": "bin/run.js"
      },
      "engines": {
        "node": ">=16"
      },
      "optionalDependencies": {
        "@synoema/mcp-darwin-arm64": "0.1.0-alpha.1",
        "@synoema/mcp-darwin-x64": "0.1.0-alpha.1",
        "@synoema/mcp-linux-x64": "0.1.0-alpha.1",
        "@synoema/mcp-win32-x64": "0.1.0-alpha.1"
      }
    },
    "node_modules/synoema-mcp/node_modules/@synoema/mcp-darwin-arm64": {
      "optional": true
    },
    "node_modules/synoema-mcp/node_modules/@synoema/mcp-darwin-x64": {
      "optional": true
    },
    "node_modules/synoema-mcp/node_modules/@synoema/mcp-linux-x64": {
      "optional": true
    },
    "node_modules/synoema-mcp/node_modules/@synoema/mcp-win32-x64": {
      "optional": true
    }
  }
}
